
Microsoft Visual Studio Solution File, Format Version 12.00
# Visual Studio Version 16
VisualStudioVersion = 16.0.31515.178
MinimumVisualStudioVersion = 10.0.40219.1
Project("{FAE04EC0-301F-11D3-BF4B-00C04F79EFBC}") = "NUnitTesting", "NUnitTesting\NUnitTesting.csproj", "{57F9CD91-D8DE-4F26-8F48-6C9EE5E6E2C9}"
EndProject
Project("{FAE04EC0-301F-11D3-BF4B-00C04F79EFBC}") = "DataAccessLogicLayer", "DataAccessLogicLayer\DataAccessLogicLayer.csproj", "{1AD6DE4F-6D2A-4129-909E-6650B51B9D72}"
EndProject
Global
	GlobalSection(SolutionConfigurationPlatforms) = preSolution
		Debug|Any CPU = Debug|Any CPU
		Release|Any CPU = Release|Any CPU
	EndGlobalSection
	GlobalSection(ProjectConfigurationPlatforms) = postSolution
		{57F9CD91-D8DE-4F26-8F48-6C9EE5E6E2C9}.Debug|Any CPU.ActiveCfg = Debug|Any CPU
		{57F9CD91-D8DE-4F26-8F48-6C9EE5E6E2C9}.Debug|Any CPU.Build.0 = Debug|Any CPU
		{57F9CD91-D8DE-4F26-8F48-6C9EE5E6E2C9}.Release|Any CPU.ActiveCfg = Release|Any CPU
		{57F9CD91-D8DE-4F26-8F48-6C9EE5E6E2C9}.Release|Any CPU.Build.0 = Release|Any CPU
		{1AD6DE4F-6D2A-4129-909E-6650B51B9D72}.Debug|Any CPU.ActiveCfg = Debug|Any CPU
		{1AD6DE4F-6D2A-4129-909E-6650B51B9D72}.Debug|Any CPU.Build.0 = Debug|Any CPU
		{1AD6DE4F-6D2A-4129-909E-6650B51B9D72}.Release|Any CPU.ActiveCfg = Release|Any CPU
		{1AD6DE4F-6D2A-4129-909E-6650B51B9D72}.Release|Any CPU.Build.0 = Release|Any CPU
	EndGlobalSection
	GlobalSection(SolutionProperties) = preSolution
		HideSolutionNode = FALSE
	EndGlobalSection
	GlobalSection(ExtensibilityGlobals) = postSolution
		SolutionGuid = {DA5771F1-D079-49AA-A495-6F25AD8EA30C}
	EndGlobalSection
EndGlobal
